# This file was autogenerated by Stack.
# You should not edit this file by hand.
# For more information, please see the documentation at:
#   https://docs.haskellstack.org/en/stable/lock_files

packages:
- completed:
    hackage: libsodium-1.0.18.1@sha256:718a99126c2ffc292da602a3da570e6772c94d5240ff120f6a17fe623db3ca8e,1020
    pantry-tree:
      size: 387
      sha256: de3b8b57d48e5ff53db4ec5d742f1b56e4979f709a59582798b979b32b222a80
  original:
    hackage: libsodium-1.0.18.1
- completed:
    name: streamly
    version: 0.7.2
    git: https://github.com/composewell/streamly.git
    pantry-tree:
      size: 16914
      sha256: b40dd4e951f97f7ab6c23ece890787822fbc7b925a64ca67c02d5cf83db7646d
    commit: 4223969ab5e20d2f8c20b9403032b9eb56951cbb
  original:
    git: https://github.com/composewell/streamly.git
    commit: 4223969ab5e20d2f8c20b9403032b9eb56951cbb
- completed:
    hackage: fusion-plugin-types-0.1.0@sha256:0f11bbc445ab8ae3dbbb3d5d2ea198bdb1ac020518b7f4f7579035dc89182438,1506
    pantry-tree:
      size: 378
      sha256: c349aa6c4e10a57c65ae83eb1082948642b66a97bf0c0b73e57e4d88da89f3cd
  original:
    hackage: fusion-plugin-types-0.1.0@sha256:0f11bbc445ab8ae3dbbb3d5d2ea198bdb1ac020518b7f4f7579035dc89182438,1506
snapshots:
- completed:
    size: 563099
    url: https://raw.githubusercontent.com/commercialhaskell/stackage-snapshots/master/lts/17/2.yaml
    sha256: 92b1a17e31d0a978fca4bf270305d4d1dd8092271bf60eafbc9349c890854026
  original: lts-17.2
