# This file was autogenerated by Stack.
# You should not edit this file by hand.
# For more information, please see the documentation at:
#   https://docs.haskellstack.org/en/stable/lock_files

packages:
- completed:
    hackage: libsodium-1.0.18.1@sha256:718a99126c2ffc292da602a3da570e6772c94d5240ff120f6a17fe623db3ca8e,1020
    pantry-tree:
      size: 387
      sha256: de3b8b57d48e5ff53db4ec5d742f1b56e4979f709a59582798b979b32b222a80
  original:
    hackage: libsodium-1.0.18.1
snapshots:
- completed:
    size: 524163
    url: https://raw.githubusercontent.com/commercialhaskell/stackage-snapshots/master/lts/14/25.yaml
    sha256: 97548b4e927a8a862d4a203687ca18a3f5d2ae75b4b72c946fb29c17df1a5082
  original: lts-14.25
